
Microsoft Visual Studio Solution File, Format Version 12.00
# Visual Studio 14
VisualStudioVersion = 14.0.25420.1
MinimumVisualStudioVersion = 10.0.40219.1
Project("{8BC9CEB8-8B4A-11D0-8D11-00A0C91BC942}") = "game", "game.vcxproj", "{DDD280D7-4B85-4B03-BBC4-C46CA9BECCCB}"
EndProject
Project("{54435603-DBB4-11D2-8724-00A0C9A8B90C}") = "Setup", "..\Setup\Setup.vdproj", "{351985D0-3790-4EF9-8182-5D5556F5B68A}"
EndProject
Project("{54435603-DBB4-11D2-8724-00A0C9A8B90C}") = "Setup pro", "Setup pro\Setup pro.vdproj", "{DA2164CD-6315-43FE-A7AD-2202EB364B8F}"
EndProject
Global
	GlobalSection(SolutionConfigurationPlatforms) = preSolution
		Debug|Win32 = Debug|Win32
		Release|Win32 = Release|Win32
	EndGlobalSection
	GlobalSection(ProjectConfigurationPlatforms) = postSolution
		{DDD280D7-4B85-4B03-BBC4-C46CA9BECCCB}.Debug|Win32.ActiveCfg = Debug|Win32
		{DDD280D7-4B85-4B03-BBC4-C46CA9BECCCB}.Debug|Win32.Build.0 = Debug|Win32
		{DDD280D7-4B85-4B03-BBC4-C46CA9BECCCB}.Release|Win32.ActiveCfg = Release|Win32
		{DDD280D7-4B85-4B03-BBC4-C46CA9BECCCB}.Release|Win32.Build.0 = Release|Win32
		{351985D0-3790-4EF9-8182-5D5556F5B68A}.Debug|Win32.ActiveCfg = Debug
		{351985D0-3790-4EF9-8182-5D5556F5B68A}.Release|Win32.ActiveCfg = Release
		{DA2164CD-6315-43FE-A7AD-2202EB364B8F}.Debug|Win32.ActiveCfg = Debug
		{DA2164CD-6315-43FE-A7AD-2202EB364B8F}.Release|Win32.ActiveCfg = Release
	EndGlobalSection
	GlobalSection(SolutionProperties) = preSolution
		HideSolutionNode = FALSE
	EndGlobalSection
EndGlobal
